
Microsoft Visual Studio Solution File, Format Version 12.00
# Visual Studio Version 16
VisualStudioVersion = 16.0.31205.134
MinimumVisualStudioVersion = 10.0.40219.1
Project("{FAE04EC0-301F-11D3-BF4B-00C04F79EFBC}") = "Project", "Project.csproj", "{5628B0EB-FE13-414F-B299-DAD1E3485BAD}"
EndProject
Global
	GlobalSection(SolutionConfigurationPlatforms) = preSolution
		Debug|Any CPU = Debug|Any CPU
		Release|Any CPU = Release|Any CPU
	EndGlobalSection
	GlobalSection(ProjectConfigurationPlatforms) = postSolution
		{5628B0EB-FE13-414F-B299-DAD1E3485BAD}.Debug|Any CPU.ActiveCfg = Debug|Any CPU
		{5628B0EB-FE13-414F-B299-DAD1E3485BAD}.Debug|Any CPU.Build.0 = Debug|Any CPU
		{5628B0EB-FE13-414F-B299-DAD1E3485BAD}.Release|Any CPU.ActiveCfg = Release|Any CPU
		{5628B0EB-FE13-414F-B299-DAD1E3485BAD}.Release|Any CPU.Build.0 = Release|Any CPU
	EndGlobalSection
	GlobalSection(SolutionProperties) = preSolution
		HideSolutionNode = FALSE
	EndGlobalSection
	GlobalSection(ExtensibilityGlobals) = postSolution
		SolutionGuid = {A73848F9-CD45-4D16-A58A-4BE8F8102D69}
	EndGlobalSection
EndGlobal
